
Microsoft Visual Studio Solution File, Format Version 12.00
# Visual Studio Version 17
VisualStudioVersion = 17.14.36811.4
MinimumVisualStudioVersion = 10.0.40219.1
Project("{2150E333-8FDC-42A3-9474-1A3956D46DE8}") = "Services", "Services", "{02EA681E-C7D8-13C7-8484-4AC65E1B71E8}"
EndProject
Project("{2150E333-8FDC-42A3-9474-1A3956D46DE8}") = "Catalog", "Catalog", "{777B7195-D59F-4AE4-B4DF-499CCE2AE6D2}"
EndProject
Project("{FAE04EC0-301F-11D3-BF4B-00C04F79EFBC}") = "Catalog.API", "Services\Catalog\Catalog.API\Catalog.API.csproj", "{5EE26083-6A0E-4028-9D23-F0EDF9168555}"
EndProject
Project("{2150E333-8FDC-42A3-9474-1A3956D46DE8}") = "BuildingBlocks", "BuildingBlocks", "{EBD7F53C-4670-4351-B312-FA04CD6654D3}"
EndProject
Project("{FAE04EC0-301F-11D3-BF4B-00C04F79EFBC}") = "BuildingBlocks", "BuildingBlocks\BuildingBlocks\BuildingBlocks.csproj", "{492622E0-DE2C-4A94-8226-74113C6809CD}"
EndProject
Project("{E53339B2-1760-4266-BCC7-CA923CBCF16C}") = "docker-compose", "docker-compose.dcproj", "{81DDED9D-158B-E303-5F62-77A2896D2A5A}"
EndProject
Project("{2150E333-8FDC-42A3-9474-1A3956D46DE8}") = "Solution Items", "Solution Items", "{8EC462FD-D22E-90A8-E5CE-7E832BA40C5D}"
	ProjectSection(SolutionItems) = preProject
		.editorconfig = .editorconfig
	EndProjectSection
EndProject
Project("{2150E333-8FDC-42A3-9474-1A3956D46DE8}") = "Basket", "Basket", "{6A87B6EA-2AF1-4925-ACA0-D2B906541A4E}"
EndProject
Project("{FAE04EC0-301F-11D3-BF4B-00C04F79EFBC}") = "Basket.API", "Services\Basket\Basket.API\Basket.API.csproj", "{1B874C57-BE7C-4926-893E-F2CBC857D4E8}"
EndProject
Project("{2150E333-8FDC-42A3-9474-1A3956D46DE8}") = "Discount", "Discount", "{6F8E1588-7ED7-48DD-BC99-7395D1F7E344}"
EndProject
Project("{FAE04EC0-301F-11D3-BF4B-00C04F79EFBC}") = "Discount.GRPC", "Services\Discount\Discount.GRPC\Discount.GRPC.csproj", "{58A8119B-48D9-410D-B0D0-0FE13CDE6741}"
EndProject
Project("{2150E333-8FDC-42A3-9474-1A3956D46DE8}") = "Ordering", "Ordering", "{00489D36-19F2-4139-B93F-04C3523254AD}"
EndProject
Project("{FAE04EC0-301F-11D3-BF4B-00C04F79EFBC}") = "Ordering.API", "Services\Ordering\Ordering.API\Ordering.API.csproj", "{0FAFFA5D-0553-45C8-A31A-095E51DE0EBF}"
EndProject
Project("{FAE04EC0-301F-11D3-BF4B-00C04F79EFBC}") = "Ordering.Domain", "Services\Ordering\Oredering.Domain\Ordering.Domain.csproj", "{6D953638-12C6-4BC7-B82F-CCCFF3DC678E}"
EndProject
Project("{FAE04EC0-301F-11D3-BF4B-00C04F79EFBC}") = "Ordering.Application", "Services\Ordering\Ordering.Application\Ordering.Application.csproj", "{5E2DC668-D893-4B98-9041-29D242F5FCCD}"
EndProject
Project("{FAE04EC0-301F-11D3-BF4B-00C04F79EFBC}") = "Ordering.Infrastructure", "Services\Ordering\Ordering.Infrastructure\Ordering.Infrastructure\Ordering.Infrastructure.csproj", "{EFEE678C-8398-470B-891C-CDF8B0FF073E}"
EndProject
Global
	GlobalSection(SolutionConfigurationPlatforms) = preSolution
		Debug|Any CPU = Debug|Any CPU
		Release|Any CPU = Release|Any CPU
	EndGlobalSection
	GlobalSection(ProjectConfigurationPlatforms) = postSolution
		{5EE26083-6A0E-4028-9D23-F0EDF9168555}.Debug|Any CPU.ActiveCfg = Debug|Any CPU
		{5EE26083-6A0E-4028-9D23-F0EDF9168555}.Debug|Any CPU.Build.0 = Debug|Any CPU
		{5EE26083-6A0E-4028-9D23-F0EDF9168555}.Release|Any CPU.ActiveCfg = Release|Any CPU
		{5EE26083-6A0E-4028-9D23-F0EDF9168555}.Release|Any CPU.Build.0 = Release|Any CPU
		{492622E0-DE2C-4A94-8226-74113C6809CD}.Debug|Any CPU.ActiveCfg = Debug|Any CPU
		{492622E0-DE2C-4A94-8226-74113C6809CD}.Debug|Any CPU.Build.0 = Debug|Any CPU
		{492622E0-DE2C-4A94-8226-74113C6809CD}.Release|Any CPU.ActiveCfg = Release|Any CPU
		{492622E0-DE2C-4A94-8226-74113C6809CD}.Release|Any CPU.Build.0 = Release|Any CPU
		{81DDED9D-158B-E303-5F62-77A2896D2A5A}.Debug|Any CPU.ActiveCfg = Debug|Any CPU
		{81DDED9D-158B-E303-5F62-77A2896D2A5A}.Debug|Any CPU.Build.0 = Debug|Any CPU
		{81DDED9D-158B-E303-5F62-77A2896D2A5A}.Release|Any CPU.ActiveCfg = Release|Any CPU
		{81DDED9D-158B-E303-5F62-77A2896D2A5A}.Release|Any CPU.Build.0 = Release|Any CPU
		{1B874C57-BE7C-4926-893E-F2CBC857D4E8}.Debug|Any CPU.ActiveCfg = Debug|Any CPU
		{1B874C57-BE7C-4926-893E-F2CBC857D4E8}.Debug|Any CPU.Build.0 = Debug|Any CPU
		{1B874C57-BE7C-4926-893E-F2CBC857D4E8}.Release|Any CPU.ActiveCfg = Release|Any CPU
		{1B874C57-BE7C-4926-893E-F2CBC857D4E8}.Release|Any CPU.Build.0 = Release|Any CPU
		{58A8119B-48D9-410D-B0D0-0FE13CDE6741}.Debug|Any CPU.ActiveCfg = Debug|Any CPU
		{58A8119B-48D9-410D-B0D0-0FE13CDE6741}.Debug|Any CPU.Build.0 = Debug|Any CPU
		{58A8119B-48D9-410D-B0D0-0FE13CDE6741}.Release|Any CPU.ActiveCfg = Release|Any CPU
		{58A8119B-48D9-410D-B0D0-0FE13CDE6741}.Release|Any CPU.Build.0 = Release|Any CPU
		{0FAFFA5D-0553-45C8-A31A-095E51DE0EBF}.Debug|Any CPU.ActiveCfg = Debug|Any CPU
		{0FAFFA5D-0553-45C8-A31A-095E51DE0EBF}.Debug|Any CPU.Build.0 = Debug|Any CPU
		{0FAFFA5D-0553-45C8-A31A-095E51DE0EBF}.Release|Any CPU.ActiveCfg = Release|Any CPU
		{0FAFFA5D-0553-45C8-A31A-095E51DE0EBF}.Release|Any CPU.Build.0 = Release|Any CPU
		{6D953638-12C6-4BC7-B82F-CCCFF3DC678E}.Debug|Any CPU.ActiveCfg = Debug|Any CPU
		{6D953638-12C6-4BC7-B82F-CCCFF3DC678E}.Debug|Any CPU.Build.0 = Debug|Any CPU
		{6D953638-12C6-4BC7-B82F-CCCFF3DC678E}.Release|Any CPU.ActiveCfg = Release|Any CPU
		{6D953638-12C6-4BC7-B82F-CCCFF3DC678E}.Release|Any CPU.Build.0 = Release|Any CPU
		{5E2DC668-D893-4B98-9041-29D242F5FCCD}.Debug|Any CPU.ActiveCfg = Debug|Any CPU
		{5E2DC668-D893-4B98-9041-29D242F5FCCD}.Debug|Any CPU.Build.0 = Debug|Any CPU
		{5E2DC668-D893-4B98-9041-29D242F5FCCD}.Release|Any CPU.ActiveCfg = Release|Any CPU
		{5E2DC668-D893-4B98-9041-29D242F5FCCD}.Release|Any CPU.Build.0 = Release|Any CPU
		{EFEE678C-8398-470B-891C-CDF8B0FF073E}.Debug|Any CPU.ActiveCfg = Debug|Any CPU
		{EFEE678C-8398-470B-891C-CDF8B0FF073E}.Debug|Any CPU.Build.0 = Debug|Any CPU
		{EFEE678C-8398-470B-891C-CDF8B0FF073E}.Release|Any CPU.ActiveCfg = Release|Any CPU
		{EFEE678C-8398-470B-891C-CDF8B0FF073E}.Release|Any CPU.Build.0 = Release|Any CPU
	EndGlobalSection
	GlobalSection(SolutionProperties) = preSolution
		HideSolutionNode = FALSE
	EndGlobalSection
	GlobalSection(NestedProjects) = preSolution
		{777B7195-D59F-4AE4-B4DF-499CCE2AE6D2} = {02EA681E-C7D8-13C7-8484-4AC65E1B71E8}
		{5EE26083-6A0E-4028-9D23-F0EDF9168555} = {777B7195-D59F-4AE4-B4DF-499CCE2AE6D2}
		{492622E0-DE2C-4A94-8226-74113C6809CD} = {EBD7F53C-4670-4351-B312-FA04CD6654D3}
		{6A87B6EA-2AF1-4925-ACA0-D2B906541A4E} = {02EA681E-C7D8-13C7-8484-4AC65E1B71E8}
		{1B874C57-BE7C-4926-893E-F2CBC857D4E8} = {6A87B6EA-2AF1-4925-ACA0-D2B906541A4E}
		{6F8E1588-7ED7-48DD-BC99-7395D1F7E344} = {02EA681E-C7D8-13C7-8484-4AC65E1B71E8}
		{58A8119B-48D9-410D-B0D0-0FE13CDE6741} = {6F8E1588-7ED7-48DD-BC99-7395D1F7E344}
		{00489D36-19F2-4139-B93F-04C3523254AD} = {02EA681E-C7D8-13C7-8484-4AC65E1B71E8}
		{0FAFFA5D-0553-45C8-A31A-095E51DE0EBF} = {00489D36-19F2-4139-B93F-04C3523254AD}
		{6D953638-12C6-4BC7-B82F-CCCFF3DC678E} = {00489D36-19F2-4139-B93F-04C3523254AD}
		{5E2DC668-D893-4B98-9041-29D242F5FCCD} = {00489D36-19F2-4139-B93F-04C3523254AD}
		{EFEE678C-8398-470B-891C-CDF8B0FF073E} = {00489D36-19F2-4139-B93F-04C3523254AD}
	EndGlobalSection
	GlobalSection(ExtensibilityGlobals) = postSolution
		SolutionGuid = {0929188F-3174-4808-A846-11E01C93BB0C}
	EndGlobalSection
EndGlobal
